// !$*UTF8*$!
{
	archiveVersion = 1;
	classes = {
	};
	objectVersion = 50;
	objects = {

/* Begin PBXBuildFile section */
		01746B342082847600E1931B /* AppDelegate.swift in Sources */ = {isa = PBXBuildFile; fileRef = 01746B332082847600E1931B /* AppDelegate.swift */; };
		01746B362082847600E1931B /* HomeViewController.swift in Sources */ = {isa = PBXBuildFile; fileRef = 01746B352082847600E1931B /* HomeViewController.swift */; };
		01746B392082847600E1931B /* Home.storyboard in Resources */ = {isa = PBXBuildFile; fileRef = 01746B372082847600E1931B /* Home.storyboard */; };
		01746B3C2082847600E1931B /* Webeleven_desafio_app.xcdatamodeld in Sources */ = {isa = PBXBuildFile; fileRef = 01746B3A2082847600E1931B /* Webeleven_desafio_app.xcdatamodeld */; };
		01746B3E2082847800E1931B /* Assets.xcassets in Resources */ = {isa = PBXBuildFile; fileRef = 01746B3D2082847800E1931B /* Assets.xcassets */; };
		01746B412082847800E1931B /* LaunchScreen.storyboard in Resources */ = {isa = PBXBuildFile; fileRef = 01746B3F2082847800E1931B /* LaunchScreen.storyboard */; };
		01746B4C2082847800E1931B /* Webeleven_desafio_appTests.swift in Sources */ = {isa = PBXBuildFile; fileRef = 01746B4B2082847800E1931B /* Webeleven_desafio_appTests.swift */; };
		01746B572082847800E1931B /* Webeleven_desafio_appUITests.swift in Sources */ = {isa = PBXBuildFile; fileRef = 01746B562082847800E1931B /* Webeleven_desafio_appUITests.swift */; };
		01746B682082925500E1931B /* HomeCollectionViewCell.swift in Sources */ = {isa = PBXBuildFile; fileRef = 01746B672082925500E1931B /* HomeCollectionViewCell.swift */; };
		01746B6A208294B700E1931B /* HomeTableViewCell.swift in Sources */ = {isa = PBXBuildFile; fileRef = 01746B69208294B700E1931B /* HomeTableViewCell.swift */; };
		01746B6C2082B2C300E1931B /* HeaderHomeCollectionViewCell.swift in Sources */ = {isa = PBXBuildFile; fileRef = 01746B6B2082B2C300E1931B /* HeaderHomeCollectionViewCell.swift */; };
		01746B6F2082BA6300E1931B /* HomeApi.swift in Sources */ = {isa = PBXBuildFile; fileRef = 01746B6E2082BA6300E1931B /* HomeApi.swift */; };
		01746B722082BAD600E1931B /* DataRequestDelegate.swift in Sources */ = {isa = PBXBuildFile; fileRef = 01746B712082BAD600E1931B /* DataRequestDelegate.swift */; };
		01746B742082BB2900E1931B /* ApiUtils.swift in Sources */ = {isa = PBXBuildFile; fileRef = 01746B732082BB2900E1931B /* ApiUtils.swift */; };
		01746B782082C66700E1931B /* HomeScreen.swift in Sources */ = {isa = PBXBuildFile; fileRef = 01746B772082C66700E1931B /* HomeScreen.swift */; };
		01746B7C2082E30900E1931B /* README.md in Resources */ = {isa = PBXBuildFile; fileRef = 01746B7B2082E30900E1931B /* README.md */; };
		01B0E0CA2083A29A00FC19D2 /* HomeDetailViewController.swift in Sources */ = {isa = PBXBuildFile; fileRef = 01B0E0C92083A29A00FC19D2 /* HomeDetailViewController.swift */; };
		03009EF87A873BD298E323E1 /* Pods_Webeleven_desafio_app.framework in Frameworks */ = {isa = PBXBuildFile; fileRef = EAA886DEA6482F094A506923 /* Pods_Webeleven_desafio_app.framework */; };
		92EDDD9AD0D12510A863397D /* Pods_Webeleven_desafio_appTests.framework in Frameworks */ = {isa = PBXBuildFile; fileRef = CF4CCC8E31FFB50E03AAA3EF /* Pods_Webeleven_desafio_appTests.framework */; };
		BAF927D750D7651F40A79DA9 /* Pods_Webeleven_desafio_appUITests.framework in Frameworks */ = {isa = PBXBuildFile; fileRef = 8DB46762E8022D4208C03FC1 /* Pods_Webeleven_desafio_appUITests.framework */; };
/* End PBXBuildFile section */

/* Begin PBXContainerItemProxy section */
		01746B482082847800E1931B /* PBXContainerItemProxy */ = {
			isa = PBXContainerItemProxy;
			containerPortal = 01746B282082847600E1931B /* Project object */;
			proxyType = 1;
			remoteGlobalIDString = 01746B2F2082847600E1931B;
			remoteInfo = "Webeleven-desafio-app";
		};
		01746B532082847800E1931B /* PBXContainerItemProxy */ = {
			isa = PBXContainerItemProxy;
			containerPortal = 01746B282082847600E1931B /* Project object */;
			proxyType = 1;
			remoteGlobalIDString = 01746B2F2082847600E1931B;
			remoteInfo = "Webeleven-desafio-app";
		};
/* End PBXContainerItemProxy section */

/* Begin PBXFileReference section */
		01746B302082847600E1931B /* Webeleven-desafio-app.app */ = {isa = PBXFileReference; explicitFileType = wrapper.application; includeInIndex = 0; path = "Webeleven-desafio-app.app"; sourceTree = BUILT_PRODUCTS_DIR; };
		01746B332082847600E1931B /* AppDelegate.swift */ = {isa = PBXFileReference; lastKnownFileType = sourcecode.swift; path = AppDelegate.swift; sourceTree = "<group>"; };
		01746B352082847600E1931B /* HomeViewController.swift */ = {isa = PBXFileReference; lastKnownFileType = sourcecode.swift; path = HomeViewController.swift; sourceTree = "<group>"; };
		01746B382082847600E1931B /* Base */ = {isa = PBXFileReference; lastKnownFileType = file.storyboard; name = Base; path = Base.lproj/Home.storyboard; sourceTree = "<group>"; };
		01746B3B2082847600E1931B /* Webeleven_desafio_app.xcdatamodel */ = {isa = PBXFileReference; lastKnownFileType = wrapper.xcdatamodel; path = Webeleven_desafio_app.xcdatamodel; sourceTree = "<group>"; };
		01746B3D2082847800E1931B /* Assets.xcassets */ = {isa = PBXFileReference; lastKnownFileType = folder.assetcatalog; path = Assets.xcassets; sourceTree = "<group>"; };
		01746B402082847800E1931B /* Base */ = {isa = PBXFileReference; lastKnownFileType = file.storyboard; name = Base; path = Base.lproj/LaunchScreen.storyboard; sourceTree = "<group>"; };
		01746B422082847800E1931B /* Info.plist */ = {isa = PBXFileReference; lastKnownFileType = text.plist.xml; path = Info.plist; sourceTree = "<group>"; };
		01746B472082847800E1931B /* Webeleven-desafio-appTests.xctest */ = {isa = PBXFileReference; explicitFileType = wrapper.cfbundle; includeInIndex = 0; path = "Webeleven-desafio-appTests.xctest"; sourceTree = BUILT_PRODUCTS_DIR; };
		01746B4B2082847800E1931B /* Webeleven_desafio_appTests.swift */ = {isa = PBXFileReference; lastKnownFileType = sourcecode.swift; path = Webeleven_desafio_appTests.swift; sourceTree = "<group>"; };
		01746B4D2082847800E1931B /* Info.plist */ = {isa = PBXFileReference; lastKnownFileType = text.plist.xml; path = Info.plist; sourceTree = "<group>"; };
		01746B522082847800E1931B /* Webeleven-desafio-appUITests.xctest */ = {isa = PBXFileReference; explicitFileType = wrapper.cfbundle; includeInIndex = 0; path = "Webeleven-desafio-appUITests.xctest"; sourceTree = BUILT_PRODUCTS_DIR; };
		01746B562082847800E1931B /* Webeleven_desafio_appUITests.swift */ = {isa = PBXFileReference; lastKnownFileType = sourcecode.swift; path = Webeleven_desafio_appUITests.swift; sourceTree = "<group>"; };
		01746B582082847800E1931B /* Info.plist */ = {isa = PBXFileReference; lastKnownFileType = text.plist.xml; path = Info.plist; sourceTree = "<group>"; };
		01746B672082925500E1931B /* HomeCollectionViewCell.swift */ = {isa = PBXFileReference; lastKnownFileType = sourcecode.swift; path = HomeCollectionViewCell.swift; sourceTree = "<group>"; };
		01746B69208294B700E1931B /* HomeTableViewCell.swift */ = {isa = PBXFileReference; lastKnownFileType = sourcecode.swift; path = HomeTableViewCell.swift; sourceTree = "<group>"; };
		01746B6B2082B2C300E1931B /* HeaderHomeCollectionViewCell.swift */ = {isa = PBXFileReference; lastKnownFileType = sourcecode.swift; path = HeaderHomeCollectionViewCell.swift; sourceTree = "<group>"; };
		01746B6E2082BA6300E1931B /* HomeApi.swift */ = {isa = PBXFileReference; lastKnownFileType = sourcecode.swift; path = HomeApi.swift; sourceTree = "<group>"; };
		01746B712082BAD600E1931B /* DataRequestDelegate.swift */ = {isa = PBXFileReference; lastKnownFileType = sourcecode.swift; path = DataRequestDelegate.swift; sourceTree = "<group>"; };
		01746B732082BB2900E1931B /* ApiUtils.swift */ = {isa = PBXFileReference; lastKnownFileType = sourcecode.swift; path = ApiUtils.swift; sourceTree = "<group>"; };
		01746B772082C66700E1931B /* HomeScreen.swift */ = {isa = PBXFileReference; lastKnownFileType = sourcecode.swift; path = HomeScreen.swift; sourceTree = "<group>"; };
		01746B7B2082E30900E1931B /* README.md */ = {isa = PBXFileReference; fileEncoding = 4; lastKnownFileType = net.daringfireball.markdown; name = README.md; path = ../README.md; sourceTree = "<group>"; };
		01B0E0C92083A29A00FC19D2 /* HomeDetailViewController.swift */ = {isa = PBXFileReference; lastKnownFileType = sourcecode.swift; path = HomeDetailViewController.swift; sourceTree = "<group>"; };
		10F6023B58C35D509D9F26D0 /* Pods-Webeleven-desafio-appUITests.release.xcconfig */ = {isa = PBXFileReference; includeInIndex = 1; lastKnownFileType = text.xcconfig; name = "Pods-Webeleven-desafio-appUITests.release.xcconfig"; path = "Pods/Target Support Files/Pods-Webeleven-desafio-appUITests/Pods-Webeleven-desafio-appUITests.release.xcconfig"; sourceTree = "<group>"; };
		581DA551B0448DE3097D0E42 /* Pods-Webeleven-desafio-appTests.debug.xcconfig */ = {isa = PBXFileReference; includeInIndex = 1; lastKnownFileType = text.xcconfig; name = "Pods-Webeleven-desafio-appTests.debug.xcconfig"; path = "Pods/Target Support Files/Pods-Webeleven-desafio-appTests/Pods-Webeleven-desafio-appTests.debug.xcconfig"; sourceTree = "<group>"; };
		66243217C051807AFD7F0B18 /* Pods-Webeleven-desafio-app.release.xcconfig */ = {isa = PBXFileReference; includeInIndex = 1; lastKnownFileType = text.xcconfig; name = "Pods-Webeleven-desafio-app.release.xcconfig"; path = "Pods/Target Support Files/Pods-Webeleven-desafio-app/Pods-Webeleven-desafio-app.release.xcconfig"; sourceTree = "<group>"; };
		83DA4E4702129692CF21FF3D /* Pods-Webeleven-desafio-appTests.release.xcconfig */ = {isa = PBXFileReference; includeInIndex = 1; lastKnownFileType = text.xcconfig; name = "Pods-Webeleven-desafio-appTests.release.xcconfig"; path = "Pods/Target Support Files/Pods-Webeleven-desafio-appTests/Pods-Webeleven-desafio-appTests.release.xcconfig"; sourceTree = "<group>"; };
		8DB46762E8022D4208C03FC1 /* Pods_Webeleven_desafio_appUITests.framework */ = {isa = PBXFileReference; explicitFileType = wrapper.framework; includeInIndex = 0; path = Pods_Webeleven_desafio_appUITests.framework; sourceTree = BUILT_PRODUCTS_DIR; };
		CF4CCC8E31FFB50E03AAA3EF /* Pods_Webeleven_desafio_appTests.framework */ = {isa = PBXFileReference; explicitFileType = wrapper.framework; includeInIndex = 0; path = Pods_Webeleven_desafio_appTests.framework; sourceTree = BUILT_PRODUCTS_DIR; };
		EAA886DEA6482F094A506923 /* Pods_Webeleven_desafio_app.framework */ = {isa = PBXFileReference; explicitFileType = wrapper.framework; includeInIndex = 0; path = Pods_Webeleven_desafio_app.framework; sourceTree = BUILT_PRODUCTS_DIR; };
		EE804CE8DB65DBCC44176A78 /* Pods-Webeleven-desafio-app.debug.xcconfig */ = {isa = PBXFileReference; includeInIndex = 1; lastKnownFileType = text.xcconfig; name = "Pods-Webeleven-desafio-app.debug.xcconfig"; path = "Pods/Target Support Files/Pods-Webeleven-desafio-app/Pods-Webeleven-desafio-app.debug.xcconfig"; sourceTree = "<group>"; };
		F2FD8258631E668679773401 /* Pods-Webeleven-desafio-appUITests.debug.xcconfig */ = {isa = PBXFileReference; includeInIndex = 1; lastKnownFileType = text.xcconfig; name = "Pods-Webeleven-desafio-appUITests.debug.xcconfig"; path = "Pods/Target Support Files/Pods-Webeleven-desafio-appUITests/Pods-Webeleven-desafio-appUITests.debug.xcconfig"; sourceTree = "<group>"; };
/* End PBXFileReference section */

/* Begin PBXFrameworksBuildPhase section */
		01746B2D2082847600E1931B /* Frameworks */ = {
			isa = PBXFrameworksBuildPhase;
			buildActionMask = 2147483647;
			files = (
				03009EF87A873BD298E323E1 /* Pods_Webeleven_desafio_app.framework in Frameworks */,
			);
			runOnlyForDeploymentPostprocessing = 0;
		};
		01746B442082847800E1931B /* Frameworks */ = {
			isa = PBXFrameworksBuildPhase;
			buildActionMask = 2147483647;
			files = (
				92EDDD9AD0D12510A863397D /* Pods_Webeleven_desafio_appTests.framework in Frameworks */,
			);
			runOnlyForDeploymentPostprocessing = 0;
		};
		01746B4F2082847800E1931B /* Frameworks */ = {
			isa = PBXFrameworksBuildPhase;
			buildActionMask = 2147483647;
			files = (
				BAF927D750D7651F40A79DA9 /* Pods_Webeleven_desafio_appUITests.framework in Frameworks */,
			);
			runOnlyForDeploymentPostprocessing = 0;
		};
/* End PBXFrameworksBuildPhase section */

/* Begin PBXGroup section */
		01746B272082847600E1931B = {
			isa = PBXGroup;
			children = (
				01746B7B2082E30900E1931B /* README.md */,
				01746B322082847600E1931B /* Webeleven-desafio-app */,
				01746B4A2082847800E1931B /* Webeleven-desafio-appTests */,
				01746B552082847800E1931B /* Webeleven-desafio-appUITests */,
				01746B312082847600E1931B /* Products */,
				D6E8BC5C45B99E5A1BCF4A0D /* Pods */,
				1C16C37D507827FD7C1EB5EF /* Frameworks */,
			);
			sourceTree = "<group>";
		};
		01746B312082847600E1931B /* Products */ = {
			isa = PBXGroup;
			children = (
				01746B302082847600E1931B /* Webeleven-desafio-app.app */,
				01746B472082847800E1931B /* Webeleven-desafio-appTests.xctest */,
				01746B522082847800E1931B /* Webeleven-desafio-appUITests.xctest */,
			);
			name = Products;
			sourceTree = "<group>";
		};
		01746B322082847600E1931B /* Webeleven-desafio-app */ = {
			isa = PBXGroup;
			children = (
				01746B6D2082BA4300E1931B /* Model */,
				01746B65208285C500E1931B /* Controller */,
				01746B64208285BE00E1931B /* View */,
				01746B332082847600E1931B /* AppDelegate.swift */,
				01746B3D2082847800E1931B /* Assets.xcassets */,
				01746B422082847800E1931B /* Info.plist */,
				01746B3A2082847600E1931B /* Webeleven_desafio_app.xcdatamodeld */,
			);
			path = "Webeleven-desafio-app";
			sourceTree = "<group>";
		};
		01746B4A2082847800E1931B /* Webeleven-desafio-appTests */ = {
			isa = PBXGroup;
			children = (
				01746B4B2082847800E1931B /* Webeleven_desafio_appTests.swift */,
				01746B4D2082847800E1931B /* Info.plist */,
			);
			path = "Webeleven-desafio-appTests";
			sourceTree = "<group>";
		};
		01746B552082847800E1931B /* Webeleven-desafio-appUITests */ = {
			isa = PBXGroup;
			children = (
				01746B562082847800E1931B /* Webeleven_desafio_appUITests.swift */,
				01746B582082847800E1931B /* Info.plist */,
			);
			path = "Webeleven-desafio-appUITests";
			sourceTree = "<group>";
		};
		01746B64208285BE00E1931B /* View */ = {
			isa = PBXGroup;
			children = (
				01746B66208291F100E1931B /* Home */,
				01746B372082847600E1931B /* Home.storyboard */,
				01746B3F2082847800E1931B /* LaunchScreen.storyboard */,
			);
			path = View;
			sourceTree = "<group>";
		};
		01746B65208285C500E1931B /* Controller */ = {
			isa = PBXGroup;
			children = (
				01B0E0C72083A27900FC19D2 /* Home */,
			);
			path = Controller;
			sourceTree = "<group>";
		};
		01746B66208291F100E1931B /* Home */ = {
			isa = PBXGroup;
			children = (
				01746B672082925500E1931B /* HomeCollectionViewCell.swift */,
				01746B69208294B700E1931B /* HomeTableViewCell.swift */,
				01746B6B2082B2C300E1931B /* HeaderHomeCollectionViewCell.swift */,
			);
			path = Home;
			sourceTree = "<group>";
		};
		01746B6D2082BA4300E1931B /* Model */ = {
			isa = PBXGroup;
			children = (
				01746B702082BA6B00E1931B /* API */,
				01746B772082C66700E1931B /* HomeScreen.swift */,
			);
			path = Model;
			sourceTree = "<group>";
		};
		01746B702082BA6B00E1931B /* API */ = {
			isa = PBXGroup;
			children = (
				01746B6E2082BA6300E1931B /* HomeApi.swift */,
				01746B712082BAD600E1931B /* DataRequestDelegate.swift */,
				01746B732082BB2900E1931B /* ApiUtils.swift */,
			);
			path = API;
			sourceTree = "<group>";
		};
		01B0E0C72083A27900FC19D2 /* Home */ = {
			isa = PBXGroup;
			children = (
				01B0E0C82083A28900FC19D2 /* HomeDetail */,
				01746B352082847600E1931B /* HomeViewController.swift */,
			);
			path = Home;
			sourceTree = "<group>";
		};
		01B0E0C82083A28900FC19D2 /* HomeDetail */ = {
			isa = PBXGroup;
			children = (
				01B0E0C92083A29A00FC19D2 /* HomeDetailViewController.swift */,
			);
			path = HomeDetail;
			sourceTree = "<group>";
		};
		1C16C37D507827FD7C1EB5EF /* Frameworks */ = {
			isa = PBXGroup;
			children = (
				EAA886DEA6482F094A506923 /* Pods_Webeleven_desafio_app.framework */,
				CF4CCC8E31FFB50E03AAA3EF /* Pods_Webeleven_desafio_appTests.framework */,
				8DB46762E8022D4208C03FC1 /* Pods_Webeleven_desafio_appUITests.framework */,
			);
			name = Frameworks;
			sourceTree = "<group>";
		};
		D6E8BC5C45B99E5A1BCF4A0D /* Pods */ = {
			isa = PBXGroup;
			children = (
				EE804CE8DB65DBCC44176A78 /* Pods-Webeleven-desafio-app.debug.xcconfig */,
				66243217C051807AFD7F0B18 /* Pods-Webeleven-desafio-app.release.xcconfig */,
				581DA551B0448DE3097D0E42 /* Pods-Webeleven-desafio-appTests.debug.xcconfig */,
				83DA4E4702129692CF21FF3D /* Pods-Webeleven-desafio-appTests.release.xcconfig */,
				F2FD8258631E668679773401 /* Pods-Webeleven-desafio-appUITests.debug.xcconfig */,
				10F6023B58C35D509D9F26D0 /* Pods-Webeleven-desafio-appUITests.release.xcconfig */,
			);
			name = Pods;
			sourceTree = "<group>";
		};
/* End PBXGroup section */

/* Begin PBXNativeTarget section */
		01746B2F2082847600E1931B /* Webeleven-desafio-app */ = {
			isa = PBXNativeTarget;
			buildConfigurationList = 01746B5B2082847800E1931B /* Build configuration list for PBXNativeTarget "Webeleven-desafio-app" */;
			buildPhases = (
				D72B8EC00822B5D4B5884C43 /* [CP] Check Pods Manifest.lock */,
				01746B2C2082847600E1931B /* Sources */,
				01746B2D2082847600E1931B /* Frameworks */,
				01746B2E2082847600E1931B /* Resources */,
				E584D34E1075A2492A750AA5 /* [CP] Embed Pods Frameworks */,
			);
			buildRules = (
			);
			dependencies = (
			);
			name = "Webeleven-desafio-app";
			productName = "Webeleven-desafio-app";
			productReference = 01746B302082847600E1931B /* Webeleven-desafio-app.app */;
			productType = "com.apple.product-type.application";
		};
		01746B462082847800E1931B /* Webeleven-desafio-appTests */ = {
			isa = PBXNativeTarget;
			buildConfigurationList = 01746B5E2082847800E1931B /* Build configuration list for PBXNativeTarget "Webeleven-desafio-appTests" */;
			buildPhases = (
				CA9EF16444993748D595F971 /* [CP] Check Pods Manifest.lock */,
				01746B432082847800E1931B /* Sources */,
				01746B442082847800E1931B /* Frameworks */,
				01746B452082847800E1931B /* Resources */,
			);
			buildRules = (
			);
			dependencies = (
				01746B492082847800E1931B /* PBXTargetDependency */,
			);
			name = "Webeleven-desafio-appTests";
			productName = "Webeleven-desafio-appTests";
			productReference = 01746B472082847800E1931B /* Webeleven-desafio-appTests.xctest */;
			productType = "com.apple.product-type.bundle.unit-test";
		};
		01746B512082847800E1931B /* Webeleven-desafio-appUITests */ = {
			isa = PBXNativeTarget;
			buildConfigurationList = 01746B612082847800E1931B /* Build configuration list for PBXNativeTarget "Webeleven-desafio-appUITests" */;
			buildPhases = (
				A3F01650BAA4A959BBA8089B /* [CP] Check Pods Manifest.lock */,
				01746B4E2082847800E1931B /* Sources */,
				01746B4F2082847800E1931B /* Frameworks */,
				01746B502082847800E1931B /* Resources */,
			);
			buildRules = (
			);
			dependencies = (
				01746B542082847800E1931B /* PBXTargetDependency */,
			);
			name = "Webeleven-desafio-appUITests";
			productName = "Webeleven-desafio-appUITests";
			productReference = 01746B522082847800E1931B /* Webeleven-desafio-appUITests.xctest */;
			productType = "com.apple.product-type.bundle.ui-testing";
		};
/* End PBXNativeTarget section */

/* Begin PBXProject section */
		01746B282082847600E1931B /* Project object */ = {
			isa = PBXProject;
			attributes = {
				LastSwiftUpdateCheck = 0930;
				LastUpgradeCheck = 0930;
				ORGANIZATIONNAME = "Gabriel Carvalho";
				TargetAttributes = {
					01746B2F2082847600E1931B = {
						CreatedOnToolsVersion = 9.3;
					};
					01746B462082847800E1931B = {
						CreatedOnToolsVersion = 9.3;
						TestTargetID = 01746B2F2082847600E1931B;
					};
					01746B512082847800E1931B = {
						CreatedOnToolsVersion = 9.3;
						TestTargetID = 01746B2F2082847600E1931B;
					};
				};
			};
			buildConfigurationList = 01746B2B2082847600E1931B /* Build configuration list for PBXProject "Webeleven-desafio-app" */;
			compatibilityVersion = "Xcode 9.3";
			developmentRegion = en;
			hasScannedForEncodings = 0;
			knownRegions = (
				en,
				Base,
			);
			mainGroup = 01746B272082847600E1931B;
			productRefGroup = 01746B312082847600E1931B /* Products */;
			projectDirPath = "";
			projectRoot = "";
			targets = (
				01746B2F2082847600E1931B /* Webeleven-desafio-app */,
				01746B462082847800E1931B /* Webeleven-desafio-appTests */,
				01746B512082847800E1931B /* Webeleven-desafio-appUITests */,
			);
		};
/* End PBXProject section */

/* Begin PBXResourcesBuildPhase section */
		01746B2E2082847600E1931B /* Resources */ = {
			isa = PBXResourcesBuildPhase;
			buildActionMask = 2147483647;
			files = (
				01746B412082847800E1931B /* LaunchScreen.storyboard in Resources */,
				01746B3E2082847800E1931B /* Assets.xcassets in Resources */,
				01746B7C2082E30900E1931B /* README.md in Resources */,
				01746B392082847600E1931B /* Home.storyboard in Resources */,
			);
			runOnlyForDeploymentPostprocessing = 0;
		};
		01746B452082847800E1931B /* Resources */ = {
			isa = PBXResourcesBuildPhase;
			buildActionMask = 2147483647;
			files = (
			);
			runOnlyForDeploymentPostprocessing = 0;
		};
		01746B502082847800E1931B /* Resources */ = {
			isa = PBXResourcesBuildPhase;
			buildActionMask = 2147483647;
			files = (
			);
			runOnlyForDeploymentPostprocessing = 0;
		};
/* End PBXResourcesBuildPhase section */

/* Begin PBXShellScriptBuildPhase section */
		A3F01650BAA4A959BBA8089B /* [CP] Check Pods Manifest.lock */ = {
			isa = PBXShellScriptBuildPhase;
			buildActionMask = 2147483647;
			files = (
			);
			inputPaths = (
				"${PODS_PODFILE_DIR_PATH}/Podfile.lock",
				"${PODS_ROOT}/Manifest.lock",
			);
			name = "[CP] Check Pods Manifest.lock";
			outputPaths = (
				"$(DERIVED_FILE_DIR)/Pods-Webeleven-desafio-appUITests-checkManifestLockResult.txt",
			);
			runOnlyForDeploymentPostprocessing = 0;
			shellPath = /bin/sh;
			shellScript = "diff \"${PODS_PODFILE_DIR_PATH}/Podfile.lock\" \"${PODS_ROOT}/Manifest.lock\" > /dev/null\nif [ $? != 0 ] ; then\n    # print error to STDERR\n    echo \"error: The sandbox is not in sync with the Podfile.lock. Run 'pod install' or update your CocoaPods installation.\" >&2\n    exit 1\nfi\n# This output is used by Xcode 'outputs' to avoid re-running this script phase.\necho \"SUCCESS\" > \"${SCRIPT_OUTPUT_FILE_0}\"\n";
			showEnvVarsInLog = 0;
		};
		CA9EF16444993748D595F971 /* [CP] Check Pods Manifest.lock */ = {
			isa = PBXShellScriptBuildPhase;
			buildActionMask = 2147483647;
			files = (
			);
			inputPaths = (
				"${PODS_PODFILE_DIR_PATH}/Podfile.lock",
				"${PODS_ROOT}/Manifest.lock",
			);
			name = "[CP] Check Pods Manifest.lock";
			outputPaths = (
				"$(DERIVED_FILE_DIR)/Pods-Webeleven-desafio-appTests-checkManifestLockResult.txt",
			);
			runOnlyForDeploymentPostprocessing = 0;
			shellPath = /bin/sh;
			shellScript = "diff \"${PODS_PODFILE_DIR_PATH}/Podfile.lock\" \"${PODS_ROOT}/Manifest.lock\" > /dev/null\nif [ $? != 0 ] ; then\n    # print error to STDERR\n    echo \"error: The sandbox is not in sync with the Podfile.lock. Run 'pod install' or update your CocoaPods installation.\" >&2\n    exit 1\nfi\n# This output is used by Xcode 'outputs' to avoid re-running this script phase.\necho \"SUCCESS\" > \"${SCRIPT_OUTPUT_FILE_0}\"\n";
			showEnvVarsInLog = 0;
		};
		D72B8EC00822B5D4B5884C43 /* [CP] Check Pods Manifest.lock */ = {
			isa = PBXShellScriptBuildPhase;
			buildActionMask = 2147483647;
			files = (
			);
			inputPaths = (
				"${PODS_PODFILE_DIR_PATH}/Podfile.lock",
				"${PODS_ROOT}/Manifest.lock",
			);
			name = "[CP] Check Pods Manifest.lock";
			outputPaths = (
				"$(DERIVED_FILE_DIR)/Pods-Webeleven-desafio-app-checkManifestLockResult.txt",
			);
			runOnlyForDeploymentPostprocessing = 0;
			shellPath = /bin/sh;
			shellScript = "diff \"${PODS_PODFILE_DIR_PATH}/Podfile.lock\" \"${PODS_ROOT}/Manifest.lock\" > /dev/null\nif [ $? != 0 ] ; then\n    # print error to STDERR\n    echo \"error: The sandbox is not in sync with the Podfile.lock. Run 'pod install' or update your CocoaPods installation.\" >&2\n    exit 1\nfi\n# This output is used by Xcode 'outputs' to avoid re-running this script phase.\necho \"SUCCESS\" > \"${SCRIPT_OUTPUT_FILE_0}\"\n";
			showEnvVarsInLog = 0;
		};
		E584D34E1075A2492A750AA5 /* [CP] Embed Pods Frameworks */ = {
			isa = PBXShellScriptBuildPhase;
			buildActionMask = 2147483647;
			files = (
			);
			inputPaths = (
				"${SRCROOT}/Pods/Target Support Files/Pods-Webeleven-desafio-app/Pods-Webeleven-desafio-app-frameworks.sh",
				"${BUILT_PRODUCTS_DIR}/DZNEmptyDataSet/DZNEmptyDataSet.framework",
				"${BUILT_PRODUCTS_DIR}/STXImageCache/STXImageCache.framework",
			);
			name = "[CP] Embed Pods Frameworks";
			outputPaths = (
				"${TARGET_BUILD_DIR}/${FRAMEWORKS_FOLDER_PATH}/DZNEmptyDataSet.framework",
				"${TARGET_BUILD_DIR}/${FRAMEWORKS_FOLDER_PATH}/STXImageCache.framework",
			);
			runOnlyForDeploymentPostprocessing = 0;
			shellPath = /bin/sh;
			shellScript = "\"${SRCROOT}/Pods/Target Support Files/Pods-Webeleven-desafio-app/Pods-Webeleven-desafio-app-frameworks.sh\"\n";
			showEnvVarsInLog = 0;
		};
/* End PBXShellScriptBuildPhase section */

/* Begin PBXSourcesBuildPhase section */
		01746B2C2082847600E1931B /* Sources */ = {
			isa = PBXSourcesBuildPhase;
			buildActionMask = 2147483647;
			files = (
				01746B6C2082B2C300E1931B /* HeaderHomeCollectionViewCell.swift in Sources */,
				01746B362082847600E1931B /* HomeViewController.swift in Sources */,
				01B0E0CA2083A29A00FC19D2 /* HomeDetailViewController.swift in Sources */,
				01746B722082BAD600E1931B /* DataRequestDelegate.swift in Sources */,
				01746B742082BB2900E1931B /* ApiUtils.swift in Sources */,
				01746B6A208294B700E1931B /* HomeTableViewCell.swift in Sources */,
				01746B3C2082847600E1931B /* Webeleven_desafio_app.xcdatamodeld in Sources */,
				01746B782082C66700E1931B /* HomeScreen.swift in Sources */,
				01746B342082847600E1931B /* AppDelegate.swift in Sources */,
				01746B682082925500E1931B /* HomeCollectionViewCell.swift in Sources */,
				01746B6F2082BA6300E1931B /* HomeApi.swift in Sources */,
			);
			runOnlyForDeploymentPostprocessing = 0;
		};
		01746B432082847800E1931B /* Sources */ = {
			isa = PBXSourcesBuildPhase;
			buildActionMask = 2147483647;
			files = (
				01746B4C2082847800E1931B /* Webeleven_desafio_appTests.swift in Sources */,
			);
			runOnlyForDeploymentPostprocessing = 0;
		};
		01746B4E2082847800E1931B /* Sources */ = {
			isa = PBXSourcesBuildPhase;
			buildActionMask = 2147483647;
			files = (
				01746B572082847800E1931B /* Webeleven_desafio_appUITests.swift in Sources */,
			);
			runOnlyForDeploymentPostprocessing = 0;
		};
/* End PBXSourcesBuildPhase section */

/* Begin PBXTargetDependency section */
		01746B492082847800E1931B /* PBXTargetDependency */ = {
			isa = PBXTargetDependency;
			target = 01746B2F2082847600E1931B /* Webeleven-desafio-app */;
			targetProxy = 01746B482082847800E1931B /* PBXContainerItemProxy */;
		};
		01746B542082847800E1931B /* PBXTargetDependency */ = {
			isa = PBXTargetDependency;
			target = 01746B2F2082847600E1931B /* Webeleven-desafio-app */;
			targetProxy = 01746B532082847800E1931B /* PBXContainerItemProxy */;
		};
/* End PBXTargetDependency section */

/* Begin PBXVariantGroup section */
		01746B372082847600E1931B /* Home.storyboard */ = {
			isa = PBXVariantGroup;
			children = (
				01746B382082847600E1931B /* Base */,
			);
			name = Home.storyboard;
			sourceTree = "<group>";
		};
		01746B3F2082847800E1931B /* LaunchScreen.storyboard */ = {
			isa = PBXVariantGroup;
			children = (
				01746B402082847800E1931B /* Base */,
			);
			name = LaunchScreen.storyboard;
			sourceTree = "<group>";
		};
/* End PBXVariantGroup section */

/* Begin XCBuildConfiguration section */
		01746B592082847800E1931B /* Debug */ = {
			isa = XCBuildConfiguration;
			buildSettings = {
				ALWAYS_SEARCH_USER_PATHS = NO;
				CLANG_ANALYZER_NONNULL = YES;
				CLANG_ANALYZER_NUMBER_OBJECT_CONVERSION = YES_AGGRESSIVE;
				CLANG_CXX_LANGUAGE_STANDARD = "gnu++14";
				CLANG_CXX_LIBRARY = "libc++";
				CLANG_ENABLE_MODULES = YES;
				CLANG_ENABLE_OBJC_ARC = YES;
				CLANG_ENABLE_OBJC_WEAK = YES;
				CLANG_WARN_BLOCK_CAPTURE_AUTORELEASING = YES;
				CLANG_WARN_BOOL_CONVERSION = YES;
				CLANG_WARN_COMMA = YES;
				CLANG_WARN_CONSTANT_CONVERSION = YES;
				CLANG_WARN_DEPRECATED_OBJC_IMPLEMENTATIONS = YES;
				CLANG_WARN_DIRECT_OBJC_ISA_USAGE = YES_ERROR;
				CLANG_WARN_DOCUMENTATION_COMMENTS = YES;
				CLANG_WARN_EMPTY_BODY = YES;
				CLANG_WARN_ENUM_CONVERSION = YES;
				CLANG_WARN_INFINITE_RECURSION = YES;
				CLANG_WARN_INT_CONVERSION = YES;
				CLANG_WARN_NON_LITERAL_NULL_CONVERSION = YES;
				CLANG_WARN_OBJC_IMPLICIT_RETAIN_SELF = YES;
				CLANG_WARN_OBJC_LITERAL_CONVERSION = YES;
				CLANG_WARN_OBJC_ROOT_CLASS = YES_ERROR;
				CLANG_WARN_RANGE_LOOP_ANALYSIS = YES;
				CLANG_WARN_STRICT_PROTOTYPES = YES;
				CLANG_WARN_SUSPICIOUS_MOVE = YES;
				CLANG_WARN_UNGUARDED_AVAILABILITY = YES_AGGRESSIVE;
				CLANG_WARN_UNREACHABLE_CODE = YES;
				CLANG_WARN__DUPLICATE_METHOD_MATCH = YES;
				CODE_SIGN_IDENTITY = "iPhone Developer";
				COPY_PHASE_STRIP = NO;
				DEBUG_INFORMATION_FORMAT = dwarf;
				ENABLE_STRICT_OBJC_MSGSEND = YES;
				ENABLE_TESTABILITY = YES;
				GCC_C_LANGUAGE_STANDARD = gnu11;
				GCC_DYNAMIC_NO_PIC = NO;
				GCC_NO_COMMON_BLOCKS = YES;
				GCC_OPTIMIZATION_LEVEL = 0;
				GCC_PREPROCESSOR_DEFINITIONS = (
					"DEBUG=1",
					"$(inherited)",
				);
				GCC_WARN_64_TO_32_BIT_CONVERSION = YES;
				GCC_WARN_ABOUT_RETURN_TYPE = YES_ERROR;
				GCC_WARN_UNDECLARED_SELECTOR = YES;
				GCC_WARN_UNINITIALIZED_AUTOS = YES_AGGRESSIVE;
				GCC_WARN_UNUSED_FUNCTION = YES;
				GCC_WARN_UNUSED_VARIABLE = YES;
				IPHONEOS_DEPLOYMENT_TARGET = 11.3;
				MTL_ENABLE_DEBUG_INFO = YES;
				ONLY_ACTIVE_ARCH = YES;
				SDKROOT = iphoneos;
				SWIFT_ACTIVE_COMPILATION_CONDITIONS = DEBUG;
				SWIFT_OPTIMIZATION_LEVEL = "-Onone";
			};
			name = Debug;
		};
		01746B5A2082847800E1931B /* Release */ = {
			isa = XCBuildConfiguration;
			buildSettings = {
				ALWAYS_SEARCH_USER_PATHS = NO;
				CLANG_ANALYZER_NONNULL = YES;
				CLANG_ANALYZER_NUMBER_OBJECT_CONVERSION = YES_AGGRESSIVE;
				CLANG_CXX_LANGUAGE_STANDARD = "gnu++14";
				CLANG_CXX_LIBRARY = "libc++";
				CLANG_ENABLE_MODULES = YES;
				CLANG_ENABLE_OBJC_ARC = YES;
				CLANG_ENABLE_OBJC_WEAK = YES;
				CLANG_WARN_BLOCK_CAPTURE_AUTORELEASING = YES;
				CLANG_WARN_BOOL_CONVERSION = YES;
				CLANG_WARN_COMMA = YES;
				CLANG_WARN_CONSTANT_CONVERSION = YES;
				CLANG_WARN_DEPRECATED_OBJC_IMPLEMENTATIONS = YES;
				CLANG_WARN_DIRECT_OBJC_ISA_USAGE = YES_ERROR;
				CLANG_WARN_DOCUMENTATION_COMMENTS = YES;
				CLANG_WARN_EMPTY_BODY = YES;
				CLANG_WARN_ENUM_CONVERSION = YES;
				CLANG_WARN_INFINITE_RECURSION = YES;
				CLANG_WARN_INT_CONVERSION = YES;
				CLANG_WARN_NON_LITERAL_NULL_CONVERSION = YES;
				CLANG_WARN_OBJC_IMPLICIT_RETAIN_SELF = YES;
				CLANG_WARN_OBJC_LITERAL_CONVERSION = YES;
				CLANG_WARN_OBJC_ROOT_CLASS = YES_ERROR;
				CLANG_WARN_RANGE_LOOP_ANALYSIS = YES;
				CLANG_WARN_STRICT_PROTOTYPES = YES;
				CLANG_WARN_SUSPICIOUS_MOVE = YES;
				CLANG_WARN_UNGUARDED_AVAILABILITY = YES_AGGRESSIVE;
				CLANG_WARN_UNREACHABLE_CODE = YES;
				CLANG_WARN__DUPLICATE_METHOD_MATCH = YES;
				CODE_SIGN_IDENTITY = "iPhone Developer";
				COPY_PHASE_STRIP = NO;
				DEBUG_INFORMATION_FORMAT = "dwarf-with-dsym";
				ENABLE_NS_ASSERTIONS = NO;
				ENABLE_STRICT_OBJC_MSGSEND = YES;
				GCC_C_LANGUAGE_STANDARD = gnu11;
				GCC_NO_COMMON_BLOCKS = YES;
				GCC_WARN_64_TO_32_BIT_CONVERSION = YES;
				GCC_WARN_ABOUT_RETURN_TYPE = YES_ERROR;
				GCC_WARN_UNDECLARED_SELECTOR = YES;
				GCC_WARN_UNINITIALIZED_AUTOS = YES_AGGRESSIVE;
				GCC_WARN_UNUSED_FUNCTION = YES;
				GCC_WARN_UNUSED_VARIABLE = YES;
				IPHONEOS_DEPLOYMENT_TARGET = 11.3;
				MTL_ENABLE_DEBUG_INFO = NO;
				SDKROOT = iphoneos;
				SWIFT_COMPILATION_MODE = wholemodule;
				SWIFT_OPTIMIZATION_LEVEL = "-O";
				VALIDATE_PRODUCT = YES;
			};
			name = Release;
		};
		01746B5C2082847800E1931B /* Debug */ = {
			isa = XCBuildConfiguration;
			baseConfigurationReference = EE804CE8DB65DBCC44176A78 /* Pods-Webeleven-desafio-app.debug.xcconfig */;
			buildSettings = {
				ASSETCATALOG_COMPILER_APPICON_NAME = AppIcon;
				CODE_SIGN_STYLE = Automatic;
				DEVELOPMENT_TEAM = XKFCJ2D2M6;
				EMBEDDED_CONTENT_CONTAINS_SWIFT = "$(inherited)";
				INFOPLIST_FILE = "Webeleven-desafio-app/Info.plist";
				LD_RUNPATH_SEARCH_PATHS = "$(inherited) @executable_path/Frameworks";
				LIBRARY_SEARCH_PATHS = "$(inherited)";
				PRODUCT_BUNDLE_IDENTIFIER = "gabrielcarvalho.Webeleven-desafio-app";
				PRODUCT_NAME = "$(TARGET_NAME)";
				SWIFT_VERSION = 4.0;
				TARGETED_DEVICE_FAMILY = "1,2";
			};
			name = Debug;
		};
		01746B5D2082847800E1931B /* Release */ = {
			isa = XCBuildConfiguration;
			baseConfigurationReference = 66243217C051807AFD7F0B18 /* Pods-Webeleven-desafio-app.release.xcconfig */;
			buildSettings = {
				ASSETCATALOG_COMPILER_APPICON_NAME = AppIcon;
				CODE_SIGN_STYLE = Automatic;
				DEVELOPMENT_TEAM = XKFCJ2D2M6;
				EMBEDDED_CONTENT_CONTAINS_SWIFT = "$(inherited)";
				INFOPLIST_FILE = "Webeleven-desafio-app/Info.plist";
				LD_RUNPATH_SEARCH_PATHS = "$(inherited) @executable_path/Frameworks";
				PRODUCT_BUNDLE_IDENTIFIER = "gabrielcarvalho.Webeleven-desafio-app";
				PRODUCT_NAME = "$(TARGET_NAME)";
				SWIFT_VERSION = 4.0;
				TARGETED_DEVICE_FAMILY = "1,2";
			};
			name = Release;
		};
		01746B5F2082847800E1931B /* Debug */ = {
			isa = XCBuildConfiguration;
			baseConfigurationReference = 581DA551B0448DE3097D0E42 /* Pods-Webeleven-desafio-appTests.debug.xcconfig */;
			buildSettings = {
				ALWAYS_EMBED_SWIFT_STANDARD_LIBRARIES = YES;
				BUNDLE_LOADER = "$(TEST_HOST)";
				CODE_SIGN_STYLE = Automatic;
				DEVELOPMENT_TEAM = XKFCJ2D2M6;
				INFOPLIST_FILE = "Webeleven-desafio-appTests/Info.plist";
				LD_RUNPATH_SEARCH_PATHS = "$(inherited) @executable_path/Frameworks @loader_path/Frameworks";
				PRODUCT_BUNDLE_IDENTIFIER = "gabrielcarvalho.Webeleven-desafio-appTests";
				PRODUCT_NAME = "$(TARGET_NAME)";
				SWIFT_VERSION = 4.0;
				TARGETED_DEVICE_FAMILY = "1,2";
				TEST_HOST = "$(BUILT_PRODUCTS_DIR)/Webeleven-desafio-app.app/Webeleven-desafio-app";
			};
			name = Debug;
		};
		01746B602082847800E1931B /* Release */ = {
			isa = XCBuildConfiguration;
			baseConfigurationReference = 83DA4E4702129692CF21FF3D /* Pods-Webeleven-desafio-appTests.release.xcconfig */;
			buildSettings = {
				ALWAYS_EMBED_SWIFT_STANDARD_LIBRARIES = YES;
				BUNDLE_LOADER = "$(TEST_HOST)";
				CODE_SIGN_STYLE = Automatic;
				DEVELOPMENT_TEAM = XKFCJ2D2M6;
				INFOPLIST_FILE = "Webeleven-desafio-appTests/Info.plist";
				LD_RUNPATH_SEARCH_PATHS = "$(inherited) @executable_path/Frameworks @loader_path/Frameworks";
				PRODUCT_BUNDLE_IDENTIFIER = "gabrielcarvalho.Webeleven-desafio-appTests";
				PRODUCT_NAME = "$(TARGET_NAME)";
				SWIFT_VERSION = 4.0;
				TARGETED_DEVICE_FAMILY = "1,2";
				TEST_HOST = "$(BUILT_PRODUCTS_DIR)/Webeleven-desafio-app.app/Webeleven-desafio-app";
			};
			name = Release;
		};
		01746B622082847800E1931B /* Debug */ = {
			isa = XCBuildConfiguration;
			baseConfigurationReference = F2FD8258631E668679773401 /* Pods-Webeleven-desafio-appUITests.debug.xcconfig */;
			buildSettings = {
				ALWAYS_EMBED_SWIFT_STANDARD_LIBRARIES = YES;
				CODE_SIGN_STYLE = Automatic;
				DEVELOPMENT_TEAM = XKFCJ2D2M6;
				INFOPLIST_FILE = "Webeleven-desafio-appUITests/Info.plist";
				LD_RUNPATH_SEARCH_PATHS = "$(inherited) @executable_path/Frameworks @loader_path/Frameworks";
				PRODUCT_BUNDLE_IDENTIFIER = "gabrielcarvalho.Webeleven-desafio-appUITests";
				PRODUCT_NAME = "$(TARGET_NAME)";
				SWIFT_VERSION = 4.0;
				TARGETED_DEVICE_FAMILY = "1,2";
				TEST_TARGET_NAME = "Webeleven-desafio-app";
			};
			name = Debug;
		};
		01746B632082847800E1931B /* Release */ = {
			isa = XCBuildConfiguration;
			baseConfigurationReference = 10F6023B58C35D509D9F26D0 /* Pods-Webeleven-desafio-appUITests.release.xcconfig */;
			buildSettings = {
				ALWAYS_EMBED_SWIFT_STANDARD_LIBRARIES = YES;
				CODE_SIGN_STYLE = Automatic;
				DEVELOPMENT_TEAM = XKFCJ2D2M6;
				INFOPLIST_FILE = "Webeleven-desafio-appUITests/Info.plist";
				LD_RUNPATH_SEARCH_PATHS = "$(inherited) @executable_path/Frameworks @loader_path/Frameworks";
				PRODUCT_BUNDLE_IDENTIFIER = "gabrielcarvalho.Webeleven-desafio-appUITests";
				PRODUCT_NAME = "$(TARGET_NAME)";
				SWIFT_VERSION = 4.0;
				TARGETED_DEVICE_FAMILY = "1,2";
				TEST_TARGET_NAME = "Webeleven-desafio-app";
			};
			name = Release;
		};
/* End XCBuildConfiguration section */

/* Begin XCConfigurationList section */
		01746B2B2082847600E1931B /* Build configuration list for PBXProject "Webeleven-desafio-app" */ = {
			isa = XCConfigurationList;
			buildConfigurations = (
				01746B592082847800E1931B /* Debug */,
				01746B5A2082847800E1931B /* Release */,
			);
			defaultConfigurationIsVisible = 0;
			defaultConfigurationName = Release;
		};
		01746B5B2082847800E1931B /* Build configuration list for PBXNativeTarget "Webeleven-desafio-app" */ = {
			isa = XCConfigurationList;
			buildConfigurations = (
				01746B5C2082847800E1931B /* Debug */,
				01746B5D2082847800E1931B /* Release */,
			);
			defaultConfigurationIsVisible = 0;
			defaultConfigurationName = Release;
		};
		01746B5E2082847800E1931B /* Build configuration list for PBXNativeTarget "Webeleven-desafio-appTests" */ = {
			isa = XCConfigurationList;
			buildConfigurations = (
				01746B5F2082847800E1931B /* Debug */,
				01746B602082847800E1931B /* Release */,
			);
			defaultConfigurationIsVisible = 0;
			defaultConfigurationName = Release;
		};
		01746B612082847800E1931B /* Build configuration list for PBXNativeTarget "Webeleven-desafio-appUITests" */ = {
			isa = XCConfigurationList;
			buildConfigurations = (
				01746B622082847800E1931B /* Debug */,
				01746B632082847800E1931B /* Release */,
			);
			defaultConfigurationIsVisible = 0;
			defaultConfigurationName = Release;
		};
/* End XCConfigurationList section */

/* Begin XCVersionGroup section */
		01746B3A2082847600E1931B /* Webeleven_desafio_app.xcdatamodeld */ = {
			isa = XCVersionGroup;
			children = (
				01746B3B2082847600E1931B /* Webeleven_desafio_app.xcdatamodel */,
			);
			currentVersion = 01746B3B2082847600E1931B /* Webeleven_desafio_app.xcdatamodel */;
			path = Webeleven_desafio_app.xcdatamodeld;
			sourceTree = "<group>";
			versionGroupType = wrapper.xcdatamodel;
		};
/* End XCVersionGroup section */
	};
	rootObject = 01746B282082847600E1931B /* Project object */;
}
